// !$*UTF8*$!
{
	archiveVersion = 1;
	classes = {
	};
	objectVersion = 48;
	objects = {

/* Begin PBXBuildFile section */
		201038081F5748ED002078E4 /* SearchVC.swift in Sources */ = {isa = PBXBuildFile; fileRef = 201038071F5748ED002078E4 /* SearchVC.swift */; };
		201E64451F61996A00C83B30 /* ProfileVC.swift in Sources */ = {isa = PBXBuildFile; fileRef = 201E64441F61996A00C83B30 /* ProfileVC.swift */; };
		201E64471F61998400C83B30 /* MessagesVC.swift in Sources */ = {isa = PBXBuildFile; fileRef = 201E64461F61998400C83B30 /* MessagesVC.swift */; };
		201E64491F6199AB00C83B30 /* MyActivitiesVC.swift in Sources */ = {isa = PBXBuildFile; fileRef = 201E64481F6199AB00C83B30 /* MyActivitiesVC.swift */; };
		201E644C1F6199C700C83B30 /* SettingsVC.swift in Sources */ = {isa = PBXBuildFile; fileRef = 201E644B1F6199C700C83B30 /* SettingsVC.swift */; };
		201E644E1F6199DC00C83B30 /* PolicyVC.swift in Sources */ = {isa = PBXBuildFile; fileRef = 201E644D1F6199DC00C83B30 /* PolicyVC.swift */; };
		201FE6DA1F509A0D00EC7E0F /* LoginVC.swift in Sources */ = {isa = PBXBuildFile; fileRef = 201FE6D91F509A0D00EC7E0F /* LoginVC.swift */; };
		202A9D471F2AD837005257ED /* AppDelegate.swift in Sources */ = {isa = PBXBuildFile; fileRef = 202A9D461F2AD837005257ED /* AppDelegate.swift */; };
		202A9D4C1F2AD837005257ED /* Main.storyboard in Resources */ = {isa = PBXBuildFile; fileRef = 202A9D4A1F2AD837005257ED /* Main.storyboard */; };
		202A9D4E1F2AD837005257ED /* Assets.xcassets in Resources */ = {isa = PBXBuildFile; fileRef = 202A9D4D1F2AD837005257ED /* Assets.xcassets */; };
		202A9D511F2AD837005257ED /* LaunchScreen.storyboard in Resources */ = {isa = PBXBuildFile; fileRef = 202A9D4F1F2AD837005257ED /* LaunchScreen.storyboard */; };
		202A9D611F2ADC62005257ED /* SideMenuVC.swift in Sources */ = {isa = PBXBuildFile; fileRef = 202A9D601F2ADC62005257ED /* SideMenuVC.swift */; };
		202A9D631F2ADCDB005257ED /* HomeVC.swift in Sources */ = {isa = PBXBuildFile; fileRef = 202A9D621F2ADCDB005257ED /* HomeVC.swift */; };
		204916CA1F4B70C000E199B3 /* ShareButton.swift in Sources */ = {isa = PBXBuildFile; fileRef = 204916C91F4B70C000E199B3 /* ShareButton.swift */; };
		20660E461F31431500AADF64 /* menuCell.swift in Sources */ = {isa = PBXBuildFile; fileRef = 20660E451F31431500AADF64 /* menuCell.swift */; };
		2098CF001F2E85B700F82274 /* ActivityDetailVC.swift in Sources */ = {isa = PBXBuildFile; fileRef = 2098CEFF1F2E85B700F82274 /* ActivityDetailVC.swift */; };
		2098D1921F4FA4E100A6DDFC /* SWRevealViewController.m in Sources */ = {isa = PBXBuildFile; fileRef = 2098D18F1F4FA1C300A6DDFC /* SWRevealViewController.m */; };
		2098D1951F4FCC8700A6DDFC /* GoogleService-Info.plist in Resources */ = {isa = PBXBuildFile; fileRef = 2098D1941F4FCC1200A6DDFC /* GoogleService-Info.plist */; };
		209DC5931F2BE5ED0020923D /* ShadowView.swift in Sources */ = {isa = PBXBuildFile; fileRef = 209DC5921F2BE5ED0020923D /* ShadowView.swift */; };
		209DC5951F2BE60E0020923D /* ProfileImgView.swift in Sources */ = {isa = PBXBuildFile; fileRef = 209DC5941F2BE60E0020923D /* ProfileImgView.swift */; };
		209DC5971F2BEDC00020923D /* JoinButton.swift in Sources */ = {isa = PBXBuildFile; fileRef = 209DC5961F2BEDC00020923D /* JoinButton.swift */; };
		209DC5991F2BF05C0020923D /* ActivityCell.swift in Sources */ = {isa = PBXBuildFile; fileRef = 209DC5981F2BF05C0020923D /* ActivityCell.swift */; };
		209EB01C1F3BDC0500FC5FC2 /* MessageView.swift in Sources */ = {isa = PBXBuildFile; fileRef = 209EB01B1F3BDC0500FC5FC2 /* MessageView.swift */; };
		209EB01E1F3BDF1400FC5FC2 /* MessageVC.swift in Sources */ = {isa = PBXBuildFile; fileRef = 209EB01D1F3BDF1400FC5FC2 /* MessageVC.swift */; };
		209F4DFB1F3F27BD00E206B8 /* KeyboardBoundView.swift in Sources */ = {isa = PBXBuildFile; fileRef = 209F4DFA1F3F27BD00E206B8 /* KeyboardBoundView.swift */; };
		209F4DFD1F3F3A6000E206B8 /* PostActivityVC.swift in Sources */ = {isa = PBXBuildFile; fileRef = 209F4DFC1F3F3A6000E206B8 /* PostActivityVC.swift */; };
		20AB9D901F2CC80C004681B4 /* DataService.swift in Sources */ = {isa = PBXBuildFile; fileRef = 20AB9D8F1F2CC80C004681B4 /* DataService.swift */; };
		20AB9D921F2CC86C004681B4 /* Activity.swift in Sources */ = {isa = PBXBuildFile; fileRef = 20AB9D911F2CC86C004681B4 /* Activity.swift */; };
		20BA9FED1F2D47CB00FF1E00 /* ProfileButton.swift in Sources */ = {isa = PBXBuildFile; fileRef = 20BA9FEC1F2D47CB00FF1E00 /* ProfileButton.swift */; };
		20BA9FEF1F2D4DA800FF1E00 /* Category.swift in Sources */ = {isa = PBXBuildFile; fileRef = 20BA9FEE1F2D4DA800FF1E00 /* Category.swift */; };
		20BA9FF11F2D4E3700FF1E00 /* CategoryCell.swift in Sources */ = {isa = PBXBuildFile; fileRef = 20BA9FF01F2D4E3700FF1E00 /* CategoryCell.swift */; };
		20BA9FF31F2D5FB700FF1E00 /* TopView.swift in Sources */ = {isa = PBXBuildFile; fileRef = 20BA9FF21F2D5FB700FF1E00 /* TopView.swift */; };
		20BE908E1F50D9FD008F6E3F /* Constants.swift in Sources */ = {isa = PBXBuildFile; fileRef = 20BE908D1F50D9FD008F6E3F /* Constants.swift */; };
		F4F0AA9FEB82E0254F90B079 /* Pods_Trestled.framework in Frameworks */ = {isa = PBXBuildFile; fileRef = 7F9D39B7CA72155B0D669321 /* Pods_Trestled.framework */; };
/* End PBXBuildFile section */

/* Begin PBXFileReference section */
		15082673B5D9B01FBFD3D870 /* Pods-Eack-AppWireframe.release.xcconfig */ = {isa = PBXFileReference; includeInIndex = 1; lastKnownFileType = text.xcconfig; name = "Pods-Eack-AppWireframe.release.xcconfig"; path = "Pods/Target Support Files/Pods-Eack-AppWireframe/Pods-Eack-AppWireframe.release.xcconfig"; sourceTree = "<group>"; };
		201038071F5748ED002078E4 /* SearchVC.swift */ = {isa = PBXFileReference; lastKnownFileType = sourcecode.swift; path = SearchVC.swift; sourceTree = "<group>"; };
		201E64441F61996A00C83B30 /* ProfileVC.swift */ = {isa = PBXFileReference; lastKnownFileType = sourcecode.swift; path = ProfileVC.swift; sourceTree = "<group>"; };
		201E64461F61998400C83B30 /* MessagesVC.swift */ = {isa = PBXFileReference; lastKnownFileType = sourcecode.swift; path = MessagesVC.swift; sourceTree = "<group>"; };
		201E64481F6199AB00C83B30 /* MyActivitiesVC.swift */ = {isa = PBXFileReference; lastKnownFileType = sourcecode.swift; path = MyActivitiesVC.swift; sourceTree = "<group>"; };
		201E644B1F6199C700C83B30 /* SettingsVC.swift */ = {isa = PBXFileReference; lastKnownFileType = sourcecode.swift; path = SettingsVC.swift; sourceTree = "<group>"; };
		201E644D1F6199DC00C83B30 /* PolicyVC.swift */ = {isa = PBXFileReference; lastKnownFileType = sourcecode.swift; path = PolicyVC.swift; sourceTree = "<group>"; };
		201FE6D91F509A0D00EC7E0F /* LoginVC.swift */ = {isa = PBXFileReference; lastKnownFileType = sourcecode.swift; path = LoginVC.swift; sourceTree = "<group>"; };
		202A9D431F2AD837005257ED /* Trestled.app */ = {isa = PBXFileReference; explicitFileType = wrapper.application; includeInIndex = 0; path = Trestled.app; sourceTree = BUILT_PRODUCTS_DIR; };
		202A9D461F2AD837005257ED /* AppDelegate.swift */ = {isa = PBXFileReference; lastKnownFileType = sourcecode.swift; path = AppDelegate.swift; sourceTree = "<group>"; };
		202A9D4B1F2AD837005257ED /* Base */ = {isa = PBXFileReference; lastKnownFileType = file.storyboard; name = Base; path = Base.lproj/Main.storyboard; sourceTree = "<group>"; };
		202A9D4D1F2AD837005257ED /* Assets.xcassets */ = {isa = PBXFileReference; lastKnownFileType = folder.assetcatalog; path = Assets.xcassets; sourceTree = "<group>"; };
		202A9D501F2AD837005257ED /* Base */ = {isa = PBXFileReference; lastKnownFileType = file.storyboard; name = Base; path = Base.lproj/LaunchScreen.storyboard; sourceTree = "<group>"; };
		202A9D521F2AD837005257ED /* Info.plist */ = {isa = PBXFileReference; lastKnownFileType = text.plist.xml; path = Info.plist; sourceTree = "<group>"; };
		202A9D601F2ADC62005257ED /* SideMenuVC.swift */ = {isa = PBXFileReference; lastKnownFileType = sourcecode.swift; path = SideMenuVC.swift; sourceTree = "<group>"; };
		202A9D621F2ADCDB005257ED /* HomeVC.swift */ = {isa = PBXFileReference; lastKnownFileType = sourcecode.swift; path = HomeVC.swift; sourceTree = "<group>"; };
		204916C91F4B70C000E199B3 /* ShareButton.swift */ = {isa = PBXFileReference; lastKnownFileType = sourcecode.swift; path = ShareButton.swift; sourceTree = "<group>"; };
		20660E451F31431500AADF64 /* menuCell.swift */ = {isa = PBXFileReference; lastKnownFileType = sourcecode.swift; path = menuCell.swift; sourceTree = "<group>"; };
		2098CEFF1F2E85B700F82274 /* ActivityDetailVC.swift */ = {isa = PBXFileReference; lastKnownFileType = sourcecode.swift; path = ActivityDetailVC.swift; sourceTree = "<group>"; };
		2098D18E1F4FA1C300A6DDFC /* SWRevealViewController.h */ = {isa = PBXFileReference; lastKnownFileType = sourcecode.c.h; path = SWRevealViewController.h; sourceTree = "<group>"; };
		2098D18F1F4FA1C300A6DDFC /* SWRevealViewController.m */ = {isa = PBXFileReference; lastKnownFileType = sourcecode.c.objc; path = SWRevealViewController.m; sourceTree = "<group>"; };
		2098D1911F4FA28600A6DDFC /* Trestled-Bridging-Header.h */ = {isa = PBXFileReference; lastKnownFileType = sourcecode.c.h; path = "Trestled-Bridging-Header.h"; sourceTree = "<group>"; };
		2098D1941F4FCC1200A6DDFC /* GoogleService-Info.plist */ = {isa = PBXFileReference; lastKnownFileType = text.plist.xml; path = "GoogleService-Info.plist"; sourceTree = "<group>"; };
		209DC5921F2BE5ED0020923D /* ShadowView.swift */ = {isa = PBXFileReference; lastKnownFileType = sourcecode.swift; path = ShadowView.swift; sourceTree = "<group>"; };
		209DC5941F2BE60E0020923D /* ProfileImgView.swift */ = {isa = PBXFileReference; lastKnownFileType = sourcecode.swift; path = ProfileImgView.swift; sourceTree = "<group>"; };
		209DC5961F2BEDC00020923D /* JoinButton.swift */ = {isa = PBXFileReference; lastKnownFileType = sourcecode.swift; path = JoinButton.swift; sourceTree = "<group>"; };
		209DC5981F2BF05C0020923D /* ActivityCell.swift */ = {isa = PBXFileReference; lastKnownFileType = sourcecode.swift; path = ActivityCell.swift; sourceTree = "<group>"; };
		209EB01B1F3BDC0500FC5FC2 /* MessageView.swift */ = {isa = PBXFileReference; lastKnownFileType = sourcecode.swift; path = MessageView.swift; sourceTree = "<group>"; };
		209EB01D1F3BDF1400FC5FC2 /* MessageVC.swift */ = {isa = PBXFileReference; lastKnownFileType = sourcecode.swift; path = MessageVC.swift; sourceTree = "<group>"; };
		209F4DFA1F3F27BD00E206B8 /* KeyboardBoundView.swift */ = {isa = PBXFileReference; lastKnownFileType = sourcecode.swift; path = KeyboardBoundView.swift; sourceTree = "<group>"; };
		209F4DFC1F3F3A6000E206B8 /* PostActivityVC.swift */ = {isa = PBXFileReference; lastKnownFileType = sourcecode.swift; path = PostActivityVC.swift; sourceTree = "<group>"; };
		20AB9D8F1F2CC80C004681B4 /* DataService.swift */ = {isa = PBXFileReference; lastKnownFileType = sourcecode.swift; path = DataService.swift; sourceTree = "<group>"; };
		20AB9D911F2CC86C004681B4 /* Activity.swift */ = {isa = PBXFileReference; lastKnownFileType = sourcecode.swift; path = Activity.swift; sourceTree = "<group>"; };
		20BA9FEC1F2D47CB00FF1E00 /* ProfileButton.swift */ = {isa = PBXFileReference; lastKnownFileType = sourcecode.swift; path = ProfileButton.swift; sourceTree = "<group>"; };
		20BA9FEE1F2D4DA800FF1E00 /* Category.swift */ = {isa = PBXFileReference; lastKnownFileType = sourcecode.swift; path = Category.swift; sourceTree = "<group>"; };
		20BA9FF01F2D4E3700FF1E00 /* CategoryCell.swift */ = {isa = PBXFileReference; lastKnownFileType = sourcecode.swift; path = CategoryCell.swift; sourceTree = "<group>"; };
		20BA9FF21F2D5FB700FF1E00 /* TopView.swift */ = {isa = PBXFileReference; lastKnownFileType = sourcecode.swift; path = TopView.swift; sourceTree = "<group>"; };
		20BE908D1F50D9FD008F6E3F /* Constants.swift */ = {isa = PBXFileReference; lastKnownFileType = sourcecode.swift; path = Constants.swift; sourceTree = "<group>"; };
		69D89966B42E38BD761730FB /* Pods_Eack_AppWireframe.framework */ = {isa = PBXFileReference; explicitFileType = wrapper.framework; includeInIndex = 0; path = Pods_Eack_AppWireframe.framework; sourceTree = BUILT_PRODUCTS_DIR; };
		7F9D39B7CA72155B0D669321 /* Pods_Trestled.framework */ = {isa = PBXFileReference; explicitFileType = wrapper.framework; includeInIndex = 0; path = Pods_Trestled.framework; sourceTree = BUILT_PRODUCTS_DIR; };
		C3DED22CB94C161CF9CE5768 /* Pods-Trestled.debug.xcconfig */ = {isa = PBXFileReference; includeInIndex = 1; lastKnownFileType = text.xcconfig; name = "Pods-Trestled.debug.xcconfig"; path = "Pods/Target Support Files/Pods-Trestled/Pods-Trestled.debug.xcconfig"; sourceTree = "<group>"; };
		F499B6A520C4CA257883CED3 /* Pods-Eack-AppWireframe.debug.xcconfig */ = {isa = PBXFileReference; includeInIndex = 1; lastKnownFileType = text.xcconfig; name = "Pods-Eack-AppWireframe.debug.xcconfig"; path = "Pods/Target Support Files/Pods-Eack-AppWireframe/Pods-Eack-AppWireframe.debug.xcconfig"; sourceTree = "<group>"; };
		F64BF4D65707578B1E0EF885 /* Pods-Trestled.release.xcconfig */ = {isa = PBXFileReference; includeInIndex = 1; lastKnownFileType = text.xcconfig; name = "Pods-Trestled.release.xcconfig"; path = "Pods/Target Support Files/Pods-Trestled/Pods-Trestled.release.xcconfig"; sourceTree = "<group>"; };
/* End PBXFileReference section */

/* Begin PBXFrameworksBuildPhase section */
		202A9D401F2AD837005257ED /* Frameworks */ = {
			isa = PBXFrameworksBuildPhase;
			buildActionMask = 2147483647;
			files = (
				F4F0AA9FEB82E0254F90B079 /* Pods_Trestled.framework in Frameworks */,
			);
			runOnlyForDeploymentPostprocessing = 0;
		};
/* End PBXFrameworksBuildPhase section */

/* Begin PBXGroup section */
		202A9D3A1F2AD837005257ED = {
			isa = PBXGroup;
			children = (
				202A9D451F2AD837005257ED /* Trestled */,
				202A9D441F2AD837005257ED /* Products */,
				CA1108EE5BE2E62F230DAF38 /* Pods */,
				E704B2495B03D5C96715E0E0 /* Frameworks */,
			);
			sourceTree = "<group>";
		};
		202A9D441F2AD837005257ED /* Products */ = {
			isa = PBXGroup;
			children = (
				202A9D431F2AD837005257ED /* Trestled.app */,
			);
			name = Products;
			sourceTree = "<group>";
		};
		202A9D451F2AD837005257ED /* Trestled */ = {
			isa = PBXGroup;
			children = (
				20AB9D8E1F2CC7FB004681B4 /* Services */,
				202A9D5B1F2ADBA5005257ED /* Controller */,
				202A9D5A1F2ADB9F005257ED /* View */,
				202A9D591F2ADB94005257ED /* Model */,
				202A9D581F2ADB87005257ED /* Supporting Files */,
				202A9D461F2AD837005257ED /* AppDelegate.swift */,
				202A9D4A1F2AD837005257ED /* Main.storyboard */,
				202A9D4D1F2AD837005257ED /* Assets.xcassets */,
				202A9D4F1F2AD837005257ED /* LaunchScreen.storyboard */,
				202A9D521F2AD837005257ED /* Info.plist */,
				2098D1941F4FCC1200A6DDFC /* GoogleService-Info.plist */,
			);
			path = Trestled;
			sourceTree = "<group>";
		};
		202A9D581F2ADB87005257ED /* Supporting Files */ = {
			isa = PBXGroup;
			children = (
				2098D18E1F4FA1C300A6DDFC /* SWRevealViewController.h */,
				2098D18F1F4FA1C300A6DDFC /* SWRevealViewController.m */,
				2098D1911F4FA28600A6DDFC /* Trestled-Bridging-Header.h */,
			);
			path = "Supporting Files";
			sourceTree = "<group>";
		};
		202A9D591F2ADB94005257ED /* Model */ = {
			isa = PBXGroup;
			children = (
				20AB9D911F2CC86C004681B4 /* Activity.swift */,
				20BA9FEE1F2D4DA800FF1E00 /* Category.swift */,
			);
			path = Model;
			sourceTree = "<group>";
		};
		202A9D5A1F2ADB9F005257ED /* View */ = {
			isa = PBXGroup;
			children = (
				209DC5921F2BE5ED0020923D /* ShadowView.swift */,
				209DC5941F2BE60E0020923D /* ProfileImgView.swift */,
				209DC5961F2BEDC00020923D /* JoinButton.swift */,
				209DC5981F2BF05C0020923D /* ActivityCell.swift */,
				20BA9FEC1F2D47CB00FF1E00 /* ProfileButton.swift */,
				20BA9FF01F2D4E3700FF1E00 /* CategoryCell.swift */,
				20BA9FF21F2D5FB700FF1E00 /* TopView.swift */,
				20660E451F31431500AADF64 /* menuCell.swift */,
				209F4DFA1F3F27BD00E206B8 /* KeyboardBoundView.swift */,
				209EB01B1F3BDC0500FC5FC2 /* MessageView.swift */,
				204916C91F4B70C000E199B3 /* ShareButton.swift */,
			);
			path = View;
			sourceTree = "<group>";
		};
		202A9D5B1F2ADBA5005257ED /* Controller */ = {
			isa = PBXGroup;
			children = (
				201E64441F61996A00C83B30 /* ProfileVC.swift */,
				202A9D601F2ADC62005257ED /* SideMenuVC.swift */,
				202A9D621F2ADCDB005257ED /* HomeVC.swift */,
				2098CEFF1F2E85B700F82274 /* ActivityDetailVC.swift */,
				209EB01D1F3BDF1400FC5FC2 /* MessageVC.swift */,
				209F4DFC1F3F3A6000E206B8 /* PostActivityVC.swift */,
				201FE6D91F509A0D00EC7E0F /* LoginVC.swift */,
				201038071F5748ED002078E4 /* SearchVC.swift */,
				201E64461F61998400C83B30 /* MessagesVC.swift */,
				201E64481F6199AB00C83B30 /* MyActivitiesVC.swift */,
				201E644B1F6199C700C83B30 /* SettingsVC.swift */,
				201E644D1F6199DC00C83B30 /* PolicyVC.swift */,
			);
			path = Controller;
			sourceTree = "<group>";
		};
		20AB9D8E1F2CC7FB004681B4 /* Services */ = {
			isa = PBXGroup;
			children = (
				20AB9D8F1F2CC80C004681B4 /* DataService.swift */,
				20BE908D1F50D9FD008F6E3F /* Constants.swift */,
			);
			path = Services;
			sourceTree = "<group>";
		};
		CA1108EE5BE2E62F230DAF38 /* Pods */ = {
			isa = PBXGroup;
			children = (
				F499B6A520C4CA257883CED3 /* Pods-Eack-AppWireframe.debug.xcconfig */,
				15082673B5D9B01FBFD3D870 /* Pods-Eack-AppWireframe.release.xcconfig */,
				C3DED22CB94C161CF9CE5768 /* Pods-Trestled.debug.xcconfig */,
				F64BF4D65707578B1E0EF885 /* Pods-Trestled.release.xcconfig */,
			);
			name = Pods;
			sourceTree = "<group>";
		};
		E704B2495B03D5C96715E0E0 /* Frameworks */ = {
			isa = PBXGroup;
			children = (
				69D89966B42E38BD761730FB /* Pods_Eack_AppWireframe.framework */,
				7F9D39B7CA72155B0D669321 /* Pods_Trestled.framework */,
			);
			name = Frameworks;
			sourceTree = "<group>";
		};
/* End PBXGroup section */

/* Begin PBXNativeTarget section */
		202A9D421F2AD837005257ED /* Trestled */ = {
			isa = PBXNativeTarget;
			buildConfigurationList = 202A9D551F2AD837005257ED /* Build configuration list for PBXNativeTarget "Trestled" */;
			buildPhases = (
				98F27158A9982DE06B8534D3 /* [CP] Check Pods Manifest.lock */,
				202A9D3F1F2AD837005257ED /* Sources */,
				202A9D401F2AD837005257ED /* Frameworks */,
				202A9D411F2AD837005257ED /* Resources */,
				99162F2BDE621C34BC929844 /* [CP] Embed Pods Frameworks */,
				DE3769397C24831887988BA9 /* [CP] Copy Pods Resources */,
			);
			buildRules = (
			);
			dependencies = (
			);
			name = Trestled;
			productName = "Eack-AppWireframe";
			productReference = 202A9D431F2AD837005257ED /* Trestled.app */;
			productType = "com.apple.product-type.application";
		};
/* End PBXNativeTarget section */

/* Begin PBXProject section */
		202A9D3B1F2AD837005257ED /* Project object */ = {
			isa = PBXProject;
			attributes = {
				LastSwiftUpdateCheck = 0900;
				LastUpgradeCheck = 0900;
				ORGANIZATIONNAME = "Evan Laird";
				TargetAttributes = {
					202A9D421F2AD837005257ED = {
						CreatedOnToolsVersion = 9.0;
						LastSwiftMigration = 0900;
					};
				};
			};
			buildConfigurationList = 202A9D3E1F2AD837005257ED /* Build configuration list for PBXProject "Trestled" */;
			compatibilityVersion = "Xcode 8.0";
			developmentRegion = en;
			hasScannedForEncodings = 0;
			knownRegions = (
				en,
				Base,
			);
			mainGroup = 202A9D3A1F2AD837005257ED;
			productRefGroup = 202A9D441F2AD837005257ED /* Products */;
			projectDirPath = "";
			projectRoot = "";
			targets = (
				202A9D421F2AD837005257ED /* Trestled */,
			);
		};
/* End PBXProject section */

/* Begin PBXResourcesBuildPhase section */
		202A9D411F2AD837005257ED /* Resources */ = {
			isa = PBXResourcesBuildPhase;
			buildActionMask = 2147483647;
			files = (
				202A9D511F2AD837005257ED /* LaunchScreen.storyboard in Resources */,
				2098D1951F4FCC8700A6DDFC /* GoogleService-Info.plist in Resources */,
				202A9D4E1F2AD837005257ED /* Assets.xcassets in Resources */,
				202A9D4C1F2AD837005257ED /* Main.storyboard in Resources */,
			);
			runOnlyForDeploymentPostprocessing = 0;
		};
/* End PBXResourcesBuildPhase section */

/* Begin PBXShellScriptBuildPhase section */
		98F27158A9982DE06B8534D3 /* [CP] Check Pods Manifest.lock */ = {
			isa = PBXShellScriptBuildPhase;
			buildActionMask = 2147483647;
			files = (
			);
			inputPaths = (
			);
			name = "[CP] Check Pods Manifest.lock";
			outputPaths = (
			);
			runOnlyForDeploymentPostprocessing = 0;
			shellPath = /bin/sh;
			shellScript = "diff \"${PODS_ROOT}/../Podfile.lock\" \"${PODS_ROOT}/Manifest.lock\" > /dev/null\nif [ $? != 0 ] ; then\n    # print error to STDERR\n    echo \"error: The sandbox is not in sync with the Podfile.lock. Run 'pod install' or update your CocoaPods installation.\" >&2\n    exit 1\nfi\n";
			showEnvVarsInLog = 0;
		};
		99162F2BDE621C34BC929844 /* [CP] Embed Pods Frameworks */ = {
			isa = PBXShellScriptBuildPhase;
			buildActionMask = 2147483647;
			files = (
			);
			inputPaths = (
			);
			name = "[CP] Embed Pods Frameworks";
			outputPaths = (
			);
			runOnlyForDeploymentPostprocessing = 0;
			shellPath = /bin/sh;
			shellScript = "\"${SRCROOT}/Pods/Target Support Files/Pods-Trestled/Pods-Trestled-frameworks.sh\"\n";
			showEnvVarsInLog = 0;
		};
		DE3769397C24831887988BA9 /* [CP] Copy Pods Resources */ = {
			isa = PBXShellScriptBuildPhase;
			buildActionMask = 2147483647;
			files = (
			);
			inputPaths = (
			);
			name = "[CP] Copy Pods Resources";
			outputPaths = (
			);
			runOnlyForDeploymentPostprocessing = 0;
			shellPath = /bin/sh;
			shellScript = "\"${SRCROOT}/Pods/Target Support Files/Pods-Trestled/Pods-Trestled-resources.sh\"\n";
			showEnvVarsInLog = 0;
		};
/* End PBXShellScriptBuildPhase section */

/* Begin PBXSourcesBuildPhase section */
		202A9D3F1F2AD837005257ED /* Sources */ = {
			isa = PBXSourcesBuildPhase;
			buildActionMask = 2147483647;
			files = (
				201038081F5748ED002078E4 /* SearchVC.swift in Sources */,
				201E644E1F6199DC00C83B30 /* PolicyVC.swift in Sources */,
				201FE6DA1F509A0D00EC7E0F /* LoginVC.swift in Sources */,
				204916CA1F4B70C000E199B3 /* ShareButton.swift in Sources */,
				20BA9FF31F2D5FB700FF1E00 /* TopView.swift in Sources */,
				2098CF001F2E85B700F82274 /* ActivityDetailVC.swift in Sources */,
				201E64451F61996A00C83B30 /* ProfileVC.swift in Sources */,
				20BA9FF11F2D4E3700FF1E00 /* CategoryCell.swift in Sources */,
				20AB9D921F2CC86C004681B4 /* Activity.swift in Sources */,
				20BE908E1F50D9FD008F6E3F /* Constants.swift in Sources */,
				209F4DFB1F3F27BD00E206B8 /* KeyboardBoundView.swift in Sources */,
				20AB9D901F2CC80C004681B4 /* DataService.swift in Sources */,
				209EB01C1F3BDC0500FC5FC2 /* MessageView.swift in Sources */,
				209DC5991F2BF05C0020923D /* ActivityCell.swift in Sources */,
				201E644C1F6199C700C83B30 /* SettingsVC.swift in Sources */,
				20BA9FED1F2D47CB00FF1E00 /* ProfileButton.swift in Sources */,
				202A9D471F2AD837005257ED /* AppDelegate.swift in Sources */,
				209DC5931F2BE5ED0020923D /* ShadowView.swift in Sources */,
				201E64491F6199AB00C83B30 /* MyActivitiesVC.swift in Sources */,
				209EB01E1F3BDF1400FC5FC2 /* MessageVC.swift in Sources */,
				202A9D631F2ADCDB005257ED /* HomeVC.swift in Sources */,
				2098D1921F4FA4E100A6DDFC /* SWRevealViewController.m in Sources */,
				202A9D611F2ADC62005257ED /* SideMenuVC.swift in Sources */,
				201E64471F61998400C83B30 /* MessagesVC.swift in Sources */,
				209DC5951F2BE60E0020923D /* ProfileImgView.swift in Sources */,
				209F4DFD1F3F3A6000E206B8 /* PostActivityVC.swift in Sources */,
				209DC5971F2BEDC00020923D /* JoinButton.swift in Sources */,
				20660E461F31431500AADF64 /* menuCell.swift in Sources */,
				20BA9FEF1F2D4DA800FF1E00 /* Category.swift in Sources */,
			);
			runOnlyForDeploymentPostprocessing = 0;
		};
/* End PBXSourcesBuildPhase section */

/* Begin PBXVariantGroup section */
		202A9D4A1F2AD837005257ED /* Main.storyboard */ = {
			isa = PBXVariantGroup;
			children = (
				202A9D4B1F2AD837005257ED /* Base */,
			);
			name = Main.storyboard;
			sourceTree = "<group>";
		};
		202A9D4F1F2AD837005257ED /* LaunchScreen.storyboard */ = {
			isa = PBXVariantGroup;
			children = (
				202A9D501F2AD837005257ED /* Base */,
			);
			name = LaunchScreen.storyboard;
			sourceTree = "<group>";
		};
/* End PBXVariantGroup section */

/* Begin XCBuildConfiguration section */
		202A9D531F2AD837005257ED /* Debug */ = {
			isa = XCBuildConfiguration;
			buildSettings = {
				ALWAYS_SEARCH_USER_PATHS = NO;
				CLANG_ANALYZER_NONNULL = YES;
				CLANG_ANALYZER_NUMBER_OBJECT_CONVERSION = YES_AGGRESSIVE;
				CLANG_CXX_LANGUAGE_STANDARD = "gnu++14";
				CLANG_CXX_LIBRARY = "libc++";
				CLANG_ENABLE_MODULES = YES;
				CLANG_ENABLE_OBJC_ARC = YES;
				CLANG_WARN_BLOCK_CAPTURE_AUTORELEASING = YES;
				CLANG_WARN_BOOL_CONVERSION = YES;
				CLANG_WARN_COMMA = YES;
				CLANG_WARN_CONSTANT_CONVERSION = YES;
				CLANG_WARN_DIRECT_OBJC_ISA_USAGE = YES_ERROR;
				CLANG_WARN_DOCUMENTATION_COMMENTS = YES;
				CLANG_WARN_EMPTY_BODY = YES;
				CLANG_WARN_ENUM_CONVERSION = YES;
				CLANG_WARN_INFINITE_RECURSION = YES;
				CLANG_WARN_INT_CONVERSION = YES;
				CLANG_WARN_NON_LITERAL_NULL_CONVERSION = YES;
				CLANG_WARN_OBJC_LITERAL_CONVERSION = YES;
				CLANG_WARN_OBJC_ROOT_CLASS = YES_ERROR;
				CLANG_WARN_RANGE_LOOP_ANALYSIS = YES;
				CLANG_WARN_STRICT_PROTOTYPES = YES;
				CLANG_WARN_SUSPICIOUS_MOVE = YES;
				CLANG_WARN_UNGUARDED_AVAILABILITY = YES_AGGRESSIVE;
				CLANG_WARN_UNREACHABLE_CODE = YES;
				CLANG_WARN__DUPLICATE_METHOD_MATCH = YES;
				CODE_SIGN_IDENTITY = "iPhone Developer";
				COPY_PHASE_STRIP = NO;
				DEBUG_INFORMATION_FORMAT = dwarf;
				ENABLE_STRICT_OBJC_MSGSEND = YES;
				ENABLE_TESTABILITY = YES;
				GCC_C_LANGUAGE_STANDARD = gnu11;
				GCC_DYNAMIC_NO_PIC = NO;
				GCC_NO_COMMON_BLOCKS = YES;
				GCC_OPTIMIZATION_LEVEL = 0;
				GCC_PREPROCESSOR_DEFINITIONS = (
					"DEBUG=1",
					"$(inherited)",
				);
				GCC_WARN_64_TO_32_BIT_CONVERSION = YES;
				GCC_WARN_ABOUT_RETURN_TYPE = YES_ERROR;
				GCC_WARN_UNDECLARED_SELECTOR = YES;
				GCC_WARN_UNINITIALIZED_AUTOS = YES_AGGRESSIVE;
				GCC_WARN_UNUSED_FUNCTION = YES;
				GCC_WARN_UNUSED_VARIABLE = YES;
				IPHONEOS_DEPLOYMENT_TARGET = 11.0;
				MTL_ENABLE_DEBUG_INFO = YES;
				ONLY_ACTIVE_ARCH = YES;
				SDKROOT = iphoneos;
				SWIFT_ACTIVE_COMPILATION_CONDITIONS = DEBUG;
				SWIFT_OPTIMIZATION_LEVEL = "-Onone";
			};
			name = Debug;
		};
		202A9D541F2AD837005257ED /* Release */ = {
			isa = XCBuildConfiguration;
			buildSettings = {
				ALWAYS_SEARCH_USER_PATHS = NO;
				CLANG_ANALYZER_NONNULL = YES;
				CLANG_ANALYZER_NUMBER_OBJECT_CONVERSION = YES_AGGRESSIVE;
				CLANG_CXX_LANGUAGE_STANDARD = "gnu++14";
				CLANG_CXX_LIBRARY = "libc++";
				CLANG_ENABLE_MODULES = YES;
				CLANG_ENABLE_OBJC_ARC = YES;
				CLANG_WARN_BLOCK_CAPTURE_AUTORELEASING = YES;
				CLANG_WARN_BOOL_CONVERSION = YES;
				CLANG_WARN_COMMA = YES;
				CLANG_WARN_CONSTANT_CONVERSION = YES;
				CLANG_WARN_DIRECT_OBJC_ISA_USAGE = YES_ERROR;
				CLANG_WARN_DOCUMENTATION_COMMENTS = YES;
				CLANG_WARN_EMPTY_BODY = YES;
				CLANG_WARN_ENUM_CONVERSION = YES;
				CLANG_WARN_INFINITE_RECURSION = YES;
				CLANG_WARN_INT_CONVERSION = YES;
				CLANG_WARN_NON_LITERAL_NULL_CONVERSION = YES;
				CLANG_WARN_OBJC_LITERAL_CONVERSION = YES;
				CLANG_WARN_OBJC_ROOT_CLASS = YES_ERROR;
				CLANG_WARN_RANGE_LOOP_ANALYSIS = YES;
				CLANG_WARN_STRICT_PROTOTYPES = YES;
				CLANG_WARN_SUSPICIOUS_MOVE = YES;
				CLANG_WARN_UNGUARDED_AVAILABILITY = YES_AGGRESSIVE;
				CLANG_WARN_UNREACHABLE_CODE = YES;
				CLANG_WARN__DUPLICATE_METHOD_MATCH = YES;
				CODE_SIGN_IDENTITY = "iPhone Developer";
				COPY_PHASE_STRIP = NO;
				DEBUG_INFORMATION_FORMAT = "dwarf-with-dsym";
				ENABLE_NS_ASSERTIONS = NO;
				ENABLE_STRICT_OBJC_MSGSEND = YES;
				GCC_C_LANGUAGE_STANDARD = gnu11;
				GCC_NO_COMMON_BLOCKS = YES;
				GCC_WARN_64_TO_32_BIT_CONVERSION = YES;
				GCC_WARN_ABOUT_RETURN_TYPE = YES_ERROR;
				GCC_WARN_UNDECLARED_SELECTOR = YES;
				GCC_WARN_UNINITIALIZED_AUTOS = YES_AGGRESSIVE;
				GCC_WARN_UNUSED_FUNCTION = YES;
				GCC_WARN_UNUSED_VARIABLE = YES;
				IPHONEOS_DEPLOYMENT_TARGET = 11.0;
				MTL_ENABLE_DEBUG_INFO = NO;
				SDKROOT = iphoneos;
				SWIFT_OPTIMIZATION_LEVEL = "-Owholemodule";
				VALIDATE_PRODUCT = YES;
			};
			name = Release;
		};
		202A9D561F2AD837005257ED /* Debug */ = {
			isa = XCBuildConfiguration;
			baseConfigurationReference = C3DED22CB94C161CF9CE5768 /* Pods-Trestled.debug.xcconfig */;
			buildSettings = {
				ASSETCATALOG_COMPILER_APPICON_NAME = AppIcon;
				CLANG_ENABLE_MODULES = YES;
				DEVELOPMENT_TEAM = 79SDS825P4;
				FRAMEWORK_SEARCH_PATHS = (
					"$(inherited)",
					"$(PROJECT_DIR)",
				);
				INFOPLIST_FILE = Trestled/Info.plist;
				IPHONEOS_DEPLOYMENT_TARGET = 10.0;
				LD_RUNPATH_SEARCH_PATHS = "$(inherited) @executable_path/Frameworks";
				PRODUCT_BUNDLE_IDENTIFIER = com.evanlaird.Trestled;
				PRODUCT_NAME = "$(TARGET_NAME)";
				SWIFT_OBJC_BRIDGING_HEADER = "Trestled/Supporting Files/Trestled-Bridging-Header.h";
				SWIFT_OPTIMIZATION_LEVEL = "-Onone";
				SWIFT_VERSION = 4.0;
				TARGETED_DEVICE_FAMILY = "1,2";
			};
			name = Debug;
		};
		202A9D571F2AD837005257ED /* Release */ = {
			isa = XCBuildConfiguration;
			baseConfigurationReference = F64BF4D65707578B1E0EF885 /* Pods-Trestled.release.xcconfig */;
			buildSettings = {
				ASSETCATALOG_COMPILER_APPICON_NAME = AppIcon;
				CLANG_ENABLE_MODULES = YES;
				DEVELOPMENT_TEAM = 79SDS825P4;
				FRAMEWORK_SEARCH_PATHS = (
					"$(inherited)",
					"$(PROJECT_DIR)",
				);
				INFOPLIST_FILE = Trestled/Info.plist;
				IPHONEOS_DEPLOYMENT_TARGET = 10.0;
				LD_RUNPATH_SEARCH_PATHS = "$(inherited) @executable_path/Frameworks";
				PRODUCT_BUNDLE_IDENTIFIER = com.evanlaird.Trestled;
				PRODUCT_NAME = "$(TARGET_NAME)";
				SWIFT_OBJC_BRIDGING_HEADER = "Trestled/Supporting Files/Trestled-Bridging-Header.h";
				SWIFT_VERSION = 4.0;
				TARGETED_DEVICE_FAMILY = "1,2";
			};
			name = Release;
		};
/* End XCBuildConfiguration section */

/* Begin XCConfigurationList section */
		202A9D3E1F2AD837005257ED /* Build configuration list for PBXProject "Trestled" */ = {
			isa = XCConfigurationList;
			buildConfigurations = (
				202A9D531F2AD837005257ED /* Debug */,
				202A9D541F2AD837005257ED /* Release */,
			);
			defaultConfigurationIsVisible = 0;
			defaultConfigurationName = Release;
		};
		202A9D551F2AD837005257ED /* Build configuration list for PBXNativeTarget "Trestled" */ = {
			isa = XCConfigurationList;
			buildConfigurations = (
				202A9D561F2AD837005257ED /* Debug */,
				202A9D571F2AD837005257ED /* Release */,
			);
			defaultConfigurationIsVisible = 0;
			defaultConfigurationName = Release;
		};
/* End XCConfigurationList section */
	};
	rootObject = 202A9D3B1F2AD837005257ED /* Project object */;
}
